
Microsoft Visual Studio Solution File, Format Version 12.00
Project("{FAE04EC0-301F-11D3-BF4B-00C04F79EFBC}") = "AnnotateDataUpdate", "AnnotateDataUpdate\AnnotateDataUpdate.csproj", "{2DCC86ED-1954-4FCA-B3E8-F8233C445341}"
EndProject
Global
	GlobalSection(SolutionConfigurationPlatforms) = preSolution
		Debug|Any CPU = Debug|Any CPU
		Release|Any CPU = Release|Any CPU
	EndGlobalSection
	GlobalSection(ProjectConfigurationPlatforms) = postSolution
		{2DCC86ED-1954-4FCA-B3E8-F8233C445341}.Debug|Any CPU.ActiveCfg = Debug|Any CPU
		{2DCC86ED-1954-4FCA-B3E8-F8233C445341}.Debug|Any CPU.Build.0 = Debug|Any CPU
		{2DCC86ED-1954-4FCA-B3E8-F8233C445341}.Release|Any CPU.ActiveCfg = Release|Any CPU
		{2DCC86ED-1954-4FCA-B3E8-F8233C445341}.Release|Any CPU.Build.0 = Release|Any CPU
	EndGlobalSection
EndGlobal
